
Microsoft Visual Studio Solution File, Format Version 12.00
# Visual Studio Version 16
VisualStudioVersion = 16.0.29911.84
MinimumVisualStudioVersion = 10.0.40219.1
Project("{FAE04EC0-301F-11D3-BF4B-00C04F79EFBC}") = "Controll", "Controll\Controll.csproj", "{7305AFFE-EC7F-4B1E-A24A-49A162CC1EFD}"
EndProject
Global
	GlobalSection(SolutionConfigurationPlatforms) = preSolution
		Debug|Any CPU = Debug|Any CPU
		Release|Any CPU = Release|Any CPU
	EndGlobalSection
	GlobalSection(ProjectConfigurationPlatforms) = postSolution
		{7305AFFE-EC7F-4B1E-A24A-49A162CC1EFD}.Debug|Any CPU.ActiveCfg = Debug|Any CPU
		{7305AFFE-EC7F-4B1E-A24A-49A162CC1EFD}.Debug|Any CPU.Build.0 = Debug|Any CPU
		{7305AFFE-EC7F-4B1E-A24A-49A162CC1EFD}.Release|Any CPU.ActiveCfg = Release|Any CPU
		{7305AFFE-EC7F-4B1E-A24A-49A162CC1EFD}.Release|Any CPU.Build.0 = Release|Any CPU
	EndGlobalSection
	GlobalSection(SolutionProperties) = preSolution
		HideSolutionNode = FALSE
	EndGlobalSection
	GlobalSection(ExtensibilityGlobals) = postSolution
		SolutionGuid = {B0D399D8-A362-44D5-A2AB-1B9AFCF65FD4}
	EndGlobalSection
EndGlobal
